
Microsoft Visual Studio Solution File, Format Version 12.00
# Visual Studio Version 16
VisualStudioVersion = 16.0.31129.286
MinimumVisualStudioVersion = 10.0.40219.1
Project("{9A19103F-16F7-4668-BE54-9A1E7A4F7556}") = "BookViewRazor", "BookViewRazor\BookViewRazor.csproj", "{3AD2AFA6-7624-4510-A777-3825DE323BBE}"
EndProject
Global
	GlobalSection(SolutionConfigurationPlatforms) = preSolution
		Debug|Any CPU = Debug|Any CPU
		Release|Any CPU = Release|Any CPU
	EndGlobalSection
	GlobalSection(ProjectConfigurationPlatforms) = postSolution
		{3AD2AFA6-7624-4510-A777-3825DE323BBE}.Debug|Any CPU.ActiveCfg = Debug|Any CPU
		{3AD2AFA6-7624-4510-A777-3825DE323BBE}.Debug|Any CPU.Build.0 = Debug|Any CPU
		{3AD2AFA6-7624-4510-A777-3825DE323BBE}.Release|Any CPU.ActiveCfg = Release|Any CPU
		{3AD2AFA6-7624-4510-A777-3825DE323BBE}.Release|Any CPU.Build.0 = Release|Any CPU
	EndGlobalSection
	GlobalSection(SolutionProperties) = preSolution
		HideSolutionNode = FALSE
	EndGlobalSection
	GlobalSection(ExtensibilityGlobals) = postSolution
		SolutionGuid = {19950EA9-D7D8-43D7-9950-E1A3244BD120}
	EndGlobalSection
EndGlobal
